{
  "lockfileVersion": 1,
  "configVersion": 1,
  "workspaces": {
    "": {
      "name": "vcupp",
      "devDependencies": {
        "lefthook": "^2.0.13",
        "prettier": "^3.7.4",
      },
    },
  },
  "packages": {
    "lefthook": ["lefthook@2.1.4", "", { "optionalDependencies": { "lefthook-darwin-arm64": "2.1.4", "lefthook-darwin-x64": "2.1.4", "lefthook-freebsd-arm64": "2.1.4", "lefthook-freebsd-x64": "2.1.4", "lefthook-linux-arm64": "2.1.4", "lefthook-linux-x64": "2.1.4", "lefthook-openbsd-arm64": "2.1.4", "lefthook-openbsd-x64": "2.1.4", "lefthook-windows-arm64": "2.1.4", "lefthook-windows-x64": "2.1.4" }, "bin": { "lefthook": "bin/index.js" } }, "sha512-JNfJ5gAn0KADvJ1I6/xMcx70+/6TL6U9gqGkKvPw5RNMfatC7jIg0Evl97HN846xmfz959BV70l8r3QsBJk30w=="],

    "lefthook-darwin-arm64": ["lefthook-darwin-arm64@2.1.4", "", { "os": "darwin", "cpu": "arm64" }, "sha512-BUAAE9+rUrjr39a+wH/1zHmGrDdwUQ2Yq/z6BQbM/yUb9qtXBRcQ5eOXxApqWW177VhGBpX31aqIlfAZ5Q7wzw=="],

    "lefthook-darwin-x64": ["lefthook-darwin-x64@2.1.4", "", { "os": "darwin", "cpu": "x64" }, "sha512-K1ncIMEe84fe+ss1hQNO7rIvqiKy2TJvTFpkypvqFodT7mJXZn7GLKYTIXdIuyPAYthRa9DwFnx5uMoHwD2F1Q=="],

    "lefthook-freebsd-arm64": ["lefthook-freebsd-arm64@2.1.4", "", { "os": "freebsd", "cpu": "arm64" }, "sha512-PVUhjOhVN71YaYsVdQyNbFZ4a2jFB2Tg5hKrrn9kaWpx64aLz/XivLjwr8sEuTaP1GRlEWBpW6Bhrcsyo39qFw=="],

    "lefthook-freebsd-x64": ["lefthook-freebsd-x64@2.1.4", "", { "os": "freebsd", "cpu": "x64" }, "sha512-ZWV9o/LeyWNEBoVO+BhLqxH3rGTba05nkm5NvMjEFSj7LbUNUDbQmupZwtHl1OMGJO66eZP0CalzRfUH6GhBxQ=="],

    "lefthook-linux-arm64": ["lefthook-linux-arm64@2.1.4", "", { "os": "linux", "cpu": "arm64" }, "sha512-iWN0pGnTjrIvNIcSI1vQBJXUbybTqJ5CLMniPA0olabMXQfPDrdMKVQe+mgdwHK+E3/Y0H0ZNL3lnOj6Sk6szA=="],

    "lefthook-linux-x64": ["lefthook-linux-x64@2.1.4", "", { "os": "linux", "cpu": "x64" }, "sha512-96bTBE/JdYgqWYAJDh+/e/0MaxJ25XTOAk7iy/fKoZ1ugf6S0W9bEFbnCFNooXOcxNVTan5xWKfcjJmPIKtsJA=="],

    "lefthook-openbsd-arm64": ["lefthook-openbsd-arm64@2.1.4", "", { "os": "openbsd", "cpu": "arm64" }, "sha512-oYUoK6AIJNEr9lUSpIMj6g7sWzotvtc3ryw7yoOyQM6uqmEduw73URV/qGoUcm4nqqmR93ZalZwR2r3Gd61zvw=="],

    "lefthook-openbsd-x64": ["lefthook-openbsd-x64@2.1.4", "", { "os": "openbsd", "cpu": "x64" }, "sha512-i/Dv9Jcm68y9cggr1PhyUhOabBGP9+hzQPoiyOhKks7y9qrJl79A8XfG6LHekSuYc2VpiSu5wdnnrE1cj2nfTg=="],

    "lefthook-windows-arm64": ["lefthook-windows-arm64@2.1.4", "", { "os": "win32", "cpu": "arm64" }, "sha512-hSww7z+QX4YMnw2lK7DMrs3+w7NtxksuMKOkCKGyxUAC/0m1LAICo0ZbtdDtZ7agxRQQQ/SEbzFRhU5ysNcbjA=="],

    "lefthook-windows-x64": ["lefthook-windows-x64@2.1.4", "", { "os": "win32", "cpu": "x64" }, "sha512-eE68LwnogxwcPgGsbVGPGxmghyMGmU9SdGwcc+uhGnUxPz1jL89oECMWJNc36zjVK24umNeDAzB5KA3lw1MuWw=="],

    "prettier": ["prettier@3.8.1", "", { "bin": { "prettier": "bin/prettier.cjs" } }, "sha512-UOnG6LftzbdaHZcKoPFtOcCKztrQ57WkHDeRD9t/PTQtmT0NHSeWWepj6pS0z/N7+08BHFDQVUrfmfMRcZwbMg=="],
  }
}
